// !$*UTF8*$!
{
	archiveVersion = 1;
	classes = {
	};
	objectVersion = 51;
	objects = {

/* Begin PBXBuildFile section */
		CD364382A4443DCEFAC84B0C /* Pods_XMPP.framework in Frameworks */ = {isa = PBXBuildFile; fileRef = DBBC2506A15DA0773687EB19 /* Pods_XMPP.framework */; };
		D11D1F0E257CFF2900D724EB /* AppDelegate.swift in Sources */ = {isa = PBXBuildFile; fileRef = D11D1F0D257CFF2900D724EB /* AppDelegate.swift */; };
		D11D1F10257CFF2900D724EB /* SceneDelegate.swift in Sources */ = {isa = PBXBuildFile; fileRef = D11D1F0F257CFF2900D724EB /* SceneDelegate.swift */; };
		D11D1F12257CFF2900D724EB /* ViewController.swift in Sources */ = {isa = PBXBuildFile; fileRef = D11D1F11257CFF2900D724EB /* ViewController.swift */; };
		D11D1F15257CFF2900D724EB /* Main.storyboard in Resources */ = {isa = PBXBuildFile; fileRef = D11D1F13257CFF2900D724EB /* Main.storyboard */; };
		D11D1F17257CFF2900D724EB /* Assets.xcassets in Resources */ = {isa = PBXBuildFile; fileRef = D11D1F16257CFF2900D724EB /* Assets.xcassets */; };
		D11D1F1A257CFF2900D724EB /* LaunchScreen.storyboard in Resources */ = {isa = PBXBuildFile; fileRef = D11D1F18257CFF2900D724EB /* LaunchScreen.storyboard */; };
		D12AC4B5257D917C003B3C69 /* SelfMessageTableViewCell.swift in Sources */ = {isa = PBXBuildFile; fileRef = D12AC4B4257D917C003B3C69 /* SelfMessageTableViewCell.swift */; };
		D12AC4B8257D9205003B3C69 /* CompanionMessageTableViewCell.swift in Sources */ = {isa = PBXBuildFile; fileRef = D12AC4B7257D9205003B3C69 /* CompanionMessageTableViewCell.swift */; };
		D12AC4BC257DA813003B3C69 /* Message.swift in Sources */ = {isa = PBXBuildFile; fileRef = D12AC4BB257DA813003B3C69 /* Message.swift */; };
		D12AC4BF257DAA20003B3C69 /* API+Endpoint.swift in Sources */ = {isa = PBXBuildFile; fileRef = D12AC4BE257DAA20003B3C69 /* API+Endpoint.swift */; };
		D12AC4C2257DAAB2003B3C69 /* XMPPJID+Extension.swift in Sources */ = {isa = PBXBuildFile; fileRef = D12AC4C1257DAAB2003B3C69 /* XMPPJID+Extension.swift */; };
		D12AC4D4257DC86C003B3C69 /* SwitchUserViewController.swift in Sources */ = {isa = PBXBuildFile; fileRef = D12AC4D3257DC86C003B3C69 /* SwitchUserViewController.swift */; };
/* End PBXBuildFile section */

/* Begin PBXFileReference section */
		333FF91AD5848D9C6BDBF1B3 /* Pods-XMPP.debug.xcconfig */ = {isa = PBXFileReference; includeInIndex = 1; lastKnownFileType = text.xcconfig; name = "Pods-XMPP.debug.xcconfig"; path = "Target Support Files/Pods-XMPP/Pods-XMPP.debug.xcconfig"; sourceTree = "<group>"; };
		9EE204332B90E43B3A046C39 /* Pods-XMPP.release.xcconfig */ = {isa = PBXFileReference; includeInIndex = 1; lastKnownFileType = text.xcconfig; name = "Pods-XMPP.release.xcconfig"; path = "Target Support Files/Pods-XMPP/Pods-XMPP.release.xcconfig"; sourceTree = "<group>"; };
		D11D1F0A257CFF2900D724EB /* XMPP.app */ = {isa = PBXFileReference; explicitFileType = wrapper.application; includeInIndex = 0; path = XMPP.app; sourceTree = BUILT_PRODUCTS_DIR; };
		D11D1F0D257CFF2900D724EB /* AppDelegate.swift */ = {isa = PBXFileReference; lastKnownFileType = sourcecode.swift; path = AppDelegate.swift; sourceTree = "<group>"; };
		D11D1F0F257CFF2900D724EB /* SceneDelegate.swift */ = {isa = PBXFileReference; lastKnownFileType = sourcecode.swift; path = SceneDelegate.swift; sourceTree = "<group>"; };
		D11D1F11257CFF2900D724EB /* ViewController.swift */ = {isa = PBXFileReference; lastKnownFileType = sourcecode.swift; path = ViewController.swift; sourceTree = "<group>"; };
		D11D1F14257CFF2900D724EB /* Base */ = {isa = PBXFileReference; lastKnownFileType = file.storyboard; name = Base; path = Base.lproj/Main.storyboard; sourceTree = "<group>"; };
		D11D1F16257CFF2900D724EB /* Assets.xcassets */ = {isa = PBXFileReference; lastKnownFileType = folder.assetcatalog; path = Assets.xcassets; sourceTree = "<group>"; };
		D11D1F19257CFF2900D724EB /* Base */ = {isa = PBXFileReference; lastKnownFileType = file.storyboard; name = Base; path = Base.lproj/LaunchScreen.storyboard; sourceTree = "<group>"; };
		D11D1F1B257CFF2900D724EB /* Info.plist */ = {isa = PBXFileReference; lastKnownFileType = text.plist.xml; path = Info.plist; sourceTree = "<group>"; };
		D12AC4B4257D917C003B3C69 /* SelfMessageTableViewCell.swift */ = {isa = PBXFileReference; lastKnownFileType = sourcecode.swift; path = SelfMessageTableViewCell.swift; sourceTree = "<group>"; };
		D12AC4B7257D9205003B3C69 /* CompanionMessageTableViewCell.swift */ = {isa = PBXFileReference; lastKnownFileType = sourcecode.swift; path = CompanionMessageTableViewCell.swift; sourceTree = "<group>"; };
		D12AC4BB257DA813003B3C69 /* Message.swift */ = {isa = PBXFileReference; lastKnownFileType = sourcecode.swift; path = Message.swift; sourceTree = "<group>"; };
		D12AC4BE257DAA20003B3C69 /* API+Endpoint.swift */ = {isa = PBXFileReference; lastKnownFileType = sourcecode.swift; path = "API+Endpoint.swift"; sourceTree = "<group>"; };
		D12AC4C1257DAAB2003B3C69 /* XMPPJID+Extension.swift */ = {isa = PBXFileReference; lastKnownFileType = sourcecode.swift; path = "XMPPJID+Extension.swift"; sourceTree = "<group>"; };
		D12AC4D3257DC86C003B3C69 /* SwitchUserViewController.swift */ = {isa = PBXFileReference; lastKnownFileType = sourcecode.swift; path = SwitchUserViewController.swift; sourceTree = "<group>"; };
		DBBC2506A15DA0773687EB19 /* Pods_XMPP.framework */ = {isa = PBXFileReference; explicitFileType = wrapper.framework; includeInIndex = 0; path = Pods_XMPP.framework; sourceTree = BUILT_PRODUCTS_DIR; };
/* End PBXFileReference section */

/* Begin PBXFrameworksBuildPhase section */
		D11D1F07257CFF2900D724EB /* Frameworks */ = {
			isa = PBXFrameworksBuildPhase;
			buildActionMask = 2147483647;
			files = (
				CD364382A4443DCEFAC84B0C /* Pods_XMPP.framework in Frameworks */,
			);
			runOnlyForDeploymentPostprocessing = 0;
		};
/* End PBXFrameworksBuildPhase section */

/* Begin PBXGroup section */
		735356F4A663CCFD88968917 /* Frameworks */ = {
			isa = PBXGroup;
			children = (
				DBBC2506A15DA0773687EB19 /* Pods_XMPP.framework */,
			);
			name = Frameworks;
			sourceTree = "<group>";
		};
		B0E8F19E7520E1DE6CD9A11C /* Pods */ = {
			isa = PBXGroup;
			children = (
				333FF91AD5848D9C6BDBF1B3 /* Pods-XMPP.debug.xcconfig */,
				9EE204332B90E43B3A046C39 /* Pods-XMPP.release.xcconfig */,
			);
			path = Pods;
			sourceTree = "<group>";
		};
		D11D1F01257CFF2900D724EB = {
			isa = PBXGroup;
			children = (
				D11D1F0C257CFF2900D724EB /* XMPP */,
				D11D1F0B257CFF2900D724EB /* Products */,
				B0E8F19E7520E1DE6CD9A11C /* Pods */,
				735356F4A663CCFD88968917 /* Frameworks */,
			);
			sourceTree = "<group>";
		};
		D11D1F0B257CFF2900D724EB /* Products */ = {
			isa = PBXGroup;
			children = (
				D11D1F0A257CFF2900D724EB /* XMPP.app */,
			);
			name = Products;
			sourceTree = "<group>";
		};
		D11D1F0C257CFF2900D724EB /* XMPP */ = {
			isa = PBXGroup;
			children = (
				D11D1F0D257CFF2900D724EB /* AppDelegate.swift */,
				D11D1F0F257CFF2900D724EB /* SceneDelegate.swift */,
				D12AC4D6257DC877003B3C69 /* View */,
				D1A83A09257DCDC800C71224 /* Model */,
				D12AC4C1257DAAB2003B3C69 /* XMPPJID+Extension.swift */,
				D12AC4BE257DAA20003B3C69 /* API+Endpoint.swift */,
				D11D1F16257CFF2900D724EB /* Assets.xcassets */,
				D11D1F18257CFF2900D724EB /* LaunchScreen.storyboard */,
				D11D1F1B257CFF2900D724EB /* Info.plist */,
			);
			path = XMPP;
			sourceTree = "<group>";
		};
		D12AC4D6257DC877003B3C69 /* View */ = {
			isa = PBXGroup;
			children = (
				D11D1F13257CFF2900D724EB /* Main.storyboard */,
				D11D1F11257CFF2900D724EB /* ViewController.swift */,
				D12AC4B4257D917C003B3C69 /* SelfMessageTableViewCell.swift */,
				D12AC4B7257D9205003B3C69 /* CompanionMessageTableViewCell.swift */,
				D12AC4D3257DC86C003B3C69 /* SwitchUserViewController.swift */,
			);
			path = View;
			sourceTree = "<group>";
		};
		D1A83A09257DCDC800C71224 /* Model */ = {
			isa = PBXGroup;
			children = (
				D12AC4BB257DA813003B3C69 /* Message.swift */,
			);
			path = Model;
			sourceTree = "<group>";
		};
/* End PBXGroup section */

/* Begin PBXNativeTarget section */
		D11D1F09257CFF2900D724EB /* XMPP */ = {
			isa = PBXNativeTarget;
			buildConfigurationList = D11D1F1E257CFF2900D724EB /* Build configuration list for PBXNativeTarget "XMPP" */;
			buildPhases = (
				112A5C723DCB47592933DFC0 /* [CP] Check Pods Manifest.lock */,
				D11D1F06257CFF2900D724EB /* Sources */,
				D11D1F07257CFF2900D724EB /* Frameworks */,
				D11D1F08257CFF2900D724EB /* Resources */,
				30829CC8D876B6C2237FD65E /* [CP] Embed Pods Frameworks */,
			);
			buildRules = (
			);
			dependencies = (
			);
			name = XMPP;
			productName = XMPP;
			productReference = D11D1F0A257CFF2900D724EB /* XMPP.app */;
			productType = "com.apple.product-type.application";
		};
/* End PBXNativeTarget section */

/* Begin PBXProject section */
		D11D1F02257CFF2900D724EB /* Project object */ = {
			isa = PBXProject;
			attributes = {
				LastSwiftUpdateCheck = 1220;
				LastUpgradeCheck = 1220;
				TargetAttributes = {
					D11D1F09257CFF2900D724EB = {
						CreatedOnToolsVersion = 12.2;
					};
				};
			};
			buildConfigurationList = D11D1F05257CFF2900D724EB /* Build configuration list for PBXProject "XMPP" */;
			compatibilityVersion = "Xcode 9.3";
			developmentRegion = en;
			hasScannedForEncodings = 0;
			knownRegions = (
				en,
				Base,
			);
			mainGroup = D11D1F01257CFF2900D724EB;
			productRefGroup = D11D1F0B257CFF2900D724EB /* Products */;
			projectDirPath = "";
			projectRoot = "";
			targets = (
				D11D1F09257CFF2900D724EB /* XMPP */,
			);
		};
/* End PBXProject section */

/* Begin PBXResourcesBuildPhase section */
		D11D1F08257CFF2900D724EB /* Resources */ = {
			isa = PBXResourcesBuildPhase;
			buildActionMask = 2147483647;
			files = (
				D11D1F1A257CFF2900D724EB /* LaunchScreen.storyboard in Resources */,
				D11D1F17257CFF2900D724EB /* Assets.xcassets in Resources */,
				D11D1F15257CFF2900D724EB /* Main.storyboard in Resources */,
			);
			runOnlyForDeploymentPostprocessing = 0;
		};
/* End PBXResourcesBuildPhase section */

/* Begin PBXShellScriptBuildPhase section */
		112A5C723DCB47592933DFC0 /* [CP] Check Pods Manifest.lock */ = {
			isa = PBXShellScriptBuildPhase;
			buildActionMask = 2147483647;
			files = (
			);
			inputFileListPaths = (
			);
			inputPaths = (
				"${PODS_PODFILE_DIR_PATH}/Podfile.lock",
				"${PODS_ROOT}/Manifest.lock",
			);
			name = "[CP] Check Pods Manifest.lock";
			outputFileListPaths = (
			);
			outputPaths = (
				"$(DERIVED_FILE_DIR)/Pods-XMPP-checkManifestLockResult.txt",
			);
			runOnlyForDeploymentPostprocessing = 0;
			shellPath = /bin/sh;
			shellScript = "diff \"${PODS_PODFILE_DIR_PATH}/Podfile.lock\" \"${PODS_ROOT}/Manifest.lock\" > /dev/null\nif [ $? != 0 ] ; then\n    # print error to STDERR\n    echo \"error: The sandbox is not in sync with the Podfile.lock. Run 'pod install' or update your CocoaPods installation.\" >&2\n    exit 1\nfi\n# This output is used by Xcode 'outputs' to avoid re-running this script phase.\necho \"SUCCESS\" > \"${SCRIPT_OUTPUT_FILE_0}\"\n";
			showEnvVarsInLog = 0;
		};
		30829CC8D876B6C2237FD65E /* [CP] Embed Pods Frameworks */ = {
			isa = PBXShellScriptBuildPhase;
			buildActionMask = 2147483647;
			files = (
			);
			inputFileListPaths = (
				"${PODS_ROOT}/Target Support Files/Pods-XMPP/Pods-XMPP-frameworks-${CONFIGURATION}-input-files.xcfilelist",
			);
			name = "[CP] Embed Pods Frameworks";
			outputFileListPaths = (
				"${PODS_ROOT}/Target Support Files/Pods-XMPP/Pods-XMPP-frameworks-${CONFIGURATION}-output-files.xcfilelist",
			);
			runOnlyForDeploymentPostprocessing = 0;
			shellPath = /bin/sh;
			shellScript = "\"${PODS_ROOT}/Target Support Files/Pods-XMPP/Pods-XMPP-frameworks.sh\"\n";
			showEnvVarsInLog = 0;
		};
/* End PBXShellScriptBuildPhase section */

/* Begin PBXSourcesBuildPhase section */
		D11D1F06257CFF2900D724EB /* Sources */ = {
			isa = PBXSourcesBuildPhase;
			buildActionMask = 2147483647;
			files = (
				D11D1F12257CFF2900D724EB /* ViewController.swift in Sources */,
				D12AC4B8257D9205003B3C69 /* CompanionMessageTableViewCell.swift in Sources */,
				D11D1F0E257CFF2900D724EB /* AppDelegate.swift in Sources */,
				D12AC4BC257DA813003B3C69 /* Message.swift in Sources */,
				D12AC4BF257DAA20003B3C69 /* API+Endpoint.swift in Sources */,
				D11D1F10257CFF2900D724EB /* SceneDelegate.swift in Sources */,
				D12AC4D4257DC86C003B3C69 /* SwitchUserViewController.swift in Sources */,
				D12AC4C2257DAAB2003B3C69 /* XMPPJID+Extension.swift in Sources */,
				D12AC4B5257D917C003B3C69 /* SelfMessageTableViewCell.swift in Sources */,
			);
			runOnlyForDeploymentPostprocessing = 0;
		};
/* End PBXSourcesBuildPhase section */

/* Begin PBXVariantGroup section */
		D11D1F13257CFF2900D724EB /* Main.storyboard */ = {
			isa = PBXVariantGroup;
			children = (
				D11D1F14257CFF2900D724EB /* Base */,
			);
			name = Main.storyboard;
			sourceTree = "<group>";
		};
		D11D1F18257CFF2900D724EB /* LaunchScreen.storyboard */ = {
			isa = PBXVariantGroup;
			children = (
				D11D1F19257CFF2900D724EB /* Base */,
			);
			name = LaunchScreen.storyboard;
			sourceTree = "<group>";
		};
/* End PBXVariantGroup section */

/* Begin XCBuildConfiguration section */
		D11D1F1C257CFF2900D724EB /* Debug */ = {
			isa = XCBuildConfiguration;
			buildSettings = {
				ALWAYS_SEARCH_USER_PATHS = NO;
				CLANG_ANALYZER_NONNULL = YES;
				CLANG_ANALYZER_NUMBER_OBJECT_CONVERSION = YES_AGGRESSIVE;
				CLANG_CXX_LANGUAGE_STANDARD = "gnu++14";
				CLANG_CXX_LIBRARY = "libc++";
				CLANG_ENABLE_MODULES = YES;
				CLANG_ENABLE_OBJC_ARC = YES;
				CLANG_ENABLE_OBJC_WEAK = YES;
				CLANG_WARN_BLOCK_CAPTURE_AUTORELEASING = YES;
				CLANG_WARN_BOOL_CONVERSION = YES;
				CLANG_WARN_COMMA = YES;
				CLANG_WARN_CONSTANT_CONVERSION = YES;
				CLANG_WARN_DEPRECATED_OBJC_IMPLEMENTATIONS = YES;
				CLANG_WARN_DIRECT_OBJC_ISA_USAGE = YES_ERROR;
				CLANG_WARN_DOCUMENTATION_COMMENTS = YES;
				CLANG_WARN_EMPTY_BODY = YES;
				CLANG_WARN_ENUM_CONVERSION = YES;
				CLANG_WARN_INFINITE_RECURSION = YES;
				CLANG_WARN_INT_CONVERSION = YES;
				CLANG_WARN_NON_LITERAL_NULL_CONVERSION = YES;
				CLANG_WARN_OBJC_IMPLICIT_RETAIN_SELF = YES;
				CLANG_WARN_OBJC_LITERAL_CONVERSION = YES;
				CLANG_WARN_OBJC_ROOT_CLASS = YES_ERROR;
				CLANG_WARN_QUOTED_INCLUDE_IN_FRAMEWORK_HEADER = YES;
				CLANG_WARN_RANGE_LOOP_ANALYSIS = YES;
				CLANG_WARN_STRICT_PROTOTYPES = YES;
				CLANG_WARN_SUSPICIOUS_MOVE = YES;
				CLANG_WARN_UNGUARDED_AVAILABILITY = YES_AGGRESSIVE;
				CLANG_WARN_UNREACHABLE_CODE = YES;
				CLANG_WARN__DUPLICATE_METHOD_MATCH = YES;
				COPY_PHASE_STRIP = NO;
				DEBUG_INFORMATION_FORMAT = dwarf;
				ENABLE_STRICT_OBJC_MSGSEND = YES;
				ENABLE_TESTABILITY = YES;
				GCC_C_LANGUAGE_STANDARD = gnu11;
				GCC_DYNAMIC_NO_PIC = NO;
				GCC_NO_COMMON_BLOCKS = YES;
				GCC_OPTIMIZATION_LEVEL = 0;
				GCC_PREPROCESSOR_DEFINITIONS = (
					"DEBUG=1",
					"$(inherited)",
				);
				GCC_WARN_64_TO_32_BIT_CONVERSION = YES;
				GCC_WARN_ABOUT_RETURN_TYPE = YES_ERROR;
				GCC_WARN_UNDECLARED_SELECTOR = YES;
				GCC_WARN_UNINITIALIZED_AUTOS = YES_AGGRESSIVE;
				GCC_WARN_UNUSED_FUNCTION = YES;
				GCC_WARN_UNUSED_VARIABLE = YES;
				IPHONEOS_DEPLOYMENT_TARGET = 14.2;
				MTL_ENABLE_DEBUG_INFO = INCLUDE_SOURCE;
				MTL_FAST_MATH = YES;
				ONLY_ACTIVE_ARCH = YES;
				SDKROOT = iphoneos;
				SWIFT_ACTIVE_COMPILATION_CONDITIONS = DEBUG;
				SWIFT_OPTIMIZATION_LEVEL = "-Onone";
			};
			name = Debug;
		};
		D11D1F1D257CFF2900D724EB /* Release */ = {
			isa = XCBuildConfiguration;
			buildSettings = {
				ALWAYS_SEARCH_USER_PATHS = NO;
				CLANG_ANALYZER_NONNULL = YES;
				CLANG_ANALYZER_NUMBER_OBJECT_CONVERSION = YES_AGGRESSIVE;
				CLANG_CXX_LANGUAGE_STANDARD = "gnu++14";
				CLANG_CXX_LIBRARY = "libc++";
				CLANG_ENABLE_MODULES = YES;
				CLANG_ENABLE_OBJC_ARC = YES;
				CLANG_ENABLE_OBJC_WEAK = YES;
				CLANG_WARN_BLOCK_CAPTURE_AUTORELEASING = YES;
				CLANG_WARN_BOOL_CONVERSION = YES;
				CLANG_WARN_COMMA = YES;
				CLANG_WARN_CONSTANT_CONVERSION = YES;
				CLANG_WARN_DEPRECATED_OBJC_IMPLEMENTATIONS = YES;
				CLANG_WARN_DIRECT_OBJC_ISA_USAGE = YES_ERROR;
				CLANG_WARN_DOCUMENTATION_COMMENTS = YES;
				CLANG_WARN_EMPTY_BODY = YES;
				CLANG_WARN_ENUM_CONVERSION = YES;
				CLANG_WARN_INFINITE_RECURSION = YES;
				CLANG_WARN_INT_CONVERSION = YES;
				CLANG_WARN_NON_LITERAL_NULL_CONVERSION = YES;
				CLANG_WARN_OBJC_IMPLICIT_RETAIN_SELF = YES;
				CLANG_WARN_OBJC_LITERAL_CONVERSION = YES;
				CLANG_WARN_OBJC_ROOT_CLASS = YES_ERROR;
				CLANG_WARN_QUOTED_INCLUDE_IN_FRAMEWORK_HEADER = YES;
				CLANG_WARN_RANGE_LOOP_ANALYSIS = YES;
				CLANG_WARN_STRICT_PROTOTYPES = YES;
				CLANG_WARN_SUSPICIOUS_MOVE = YES;
				CLANG_WARN_UNGUARDED_AVAILABILITY = YES_AGGRESSIVE;
				CLANG_WARN_UNREACHABLE_CODE = YES;
				CLANG_WARN__DUPLICATE_METHOD_MATCH = YES;
				COPY_PHASE_STRIP = NO;
				DEBUG_INFORMATION_FORMAT = "dwarf-with-dsym";
				ENABLE_NS_ASSERTIONS = NO;
				ENABLE_STRICT_OBJC_MSGSEND = YES;
				GCC_C_LANGUAGE_STANDARD = gnu11;
				GCC_NO_COMMON_BLOCKS = YES;
				GCC_WARN_64_TO_32_BIT_CONVERSION = YES;
				GCC_WARN_ABOUT_RETURN_TYPE = YES_ERROR;
				GCC_WARN_UNDECLARED_SELECTOR = YES;
				GCC_WARN_UNINITIALIZED_AUTOS = YES_AGGRESSIVE;
				GCC_WARN_UNUSED_FUNCTION = YES;
				GCC_WARN_UNUSED_VARIABLE = YES;
				IPHONEOS_DEPLOYMENT_TARGET = 14.2;
				MTL_ENABLE_DEBUG_INFO = NO;
				MTL_FAST_MATH = YES;
				SDKROOT = iphoneos;
				SWIFT_COMPILATION_MODE = wholemodule;
				SWIFT_OPTIMIZATION_LEVEL = "-O";
				VALIDATE_PRODUCT = YES;
			};
			name = Release;
		};
		D11D1F1F257CFF2900D724EB /* Debug */ = {
			isa = XCBuildConfiguration;
			baseConfigurationReference = 333FF91AD5848D9C6BDBF1B3 /* Pods-XMPP.debug.xcconfig */;
			buildSettings = {
				ASSETCATALOG_COMPILER_APPICON_NAME = AppIcon;
				ASSETCATALOG_COMPILER_GLOBAL_ACCENT_COLOR_NAME = AccentColor;
				CODE_SIGN_STYLE = Automatic;
				DEVELOPMENT_TEAM = 73VJRTF9X7;
				INFOPLIST_FILE = XMPP/Info.plist;
				LD_RUNPATH_SEARCH_PATHS = (
					"$(inherited)",
					"@executable_path/Frameworks",
				);
				PRODUCT_BUNDLE_IDENTIFIER = loghozinsky.XMPP;
				PRODUCT_NAME = "$(TARGET_NAME)";
				SWIFT_VERSION = 5.0;
				TARGETED_DEVICE_FAMILY = "1,2";
			};
			name = Debug;
		};
		D11D1F20257CFF2900D724EB /* Release */ = {
			isa = XCBuildConfiguration;
			baseConfigurationReference = 9EE204332B90E43B3A046C39 /* Pods-XMPP.release.xcconfig */;
			buildSettings = {
				ASSETCATALOG_COMPILER_APPICON_NAME = AppIcon;
				ASSETCATALOG_COMPILER_GLOBAL_ACCENT_COLOR_NAME = AccentColor;
				CODE_SIGN_STYLE = Automatic;
				DEVELOPMENT_TEAM = 73VJRTF9X7;
				INFOPLIST_FILE = XMPP/Info.plist;
				LD_RUNPATH_SEARCH_PATHS = (
					"$(inherited)",
					"@executable_path/Frameworks",
				);
				PRODUCT_BUNDLE_IDENTIFIER = loghozinsky.XMPP;
				PRODUCT_NAME = "$(TARGET_NAME)";
				SWIFT_VERSION = 5.0;
				TARGETED_DEVICE_FAMILY = "1,2";
			};
			name = Release;
		};
/* End XCBuildConfiguration section */

/* Begin XCConfigurationList section */
		D11D1F05257CFF2900D724EB /* Build configuration list for PBXProject "XMPP" */ = {
			isa = XCConfigurationList;
			buildConfigurations = (
				D11D1F1C257CFF2900D724EB /* Debug */,
				D11D1F1D257CFF2900D724EB /* Release */,
			);
			defaultConfigurationIsVisible = 0;
			defaultConfigurationName = Release;
		};
		D11D1F1E257CFF2900D724EB /* Build configuration list for PBXNativeTarget "XMPP" */ = {
			isa = XCConfigurationList;
			buildConfigurations = (
				D11D1F1F257CFF2900D724EB /* Debug */,
				D11D1F20257CFF2900D724EB /* Release */,
			);
			defaultConfigurationIsVisible = 0;
			defaultConfigurationName = Release;
		};
/* End XCConfigurationList section */
	};
	rootObject = D11D1F02257CFF2900D724EB /* Project object */;
}
